
Microsoft Visual Studio Solution File, Format Version 12.00
# Visual Studio 15
VisualStudioVersion = 15.0.28307.489
MinimumVisualStudioVersion = 10.0.40219.1
Project("{FAE04EC0-301F-11D3-BF4B-00C04F79EFBC}") = "01. Vapor Winter Sale", "01. Vapor Winter Sale\01. Vapor Winter Sale.csproj", "{E41B0EE6-95B5-4089-96F6-60F245AD9004}"
EndProject
Project("{FAE04EC0-301F-11D3-BF4B-00C04F79EFBC}") = "02. Activation Keys", "02. Activation Keys\02. Activation Keys.csproj", "{88952F5C-5A37-47FD-823A-A4DDE3694CA3}"
EndProject
Global
	GlobalSection(SolutionConfigurationPlatforms) = preSolution
		Debug|Any CPU = Debug|Any CPU
		Release|Any CPU = Release|Any CPU
	EndGlobalSection
	GlobalSection(ProjectConfigurationPlatforms) = postSolution
		{E41B0EE6-95B5-4089-96F6-60F245AD9004}.Debug|Any CPU.ActiveCfg = Debug|Any CPU
		{E41B0EE6-95B5-4089-96F6-60F245AD9004}.Debug|Any CPU.Build.0 = Debug|Any CPU
		{E41B0EE6-95B5-4089-96F6-60F245AD9004}.Release|Any CPU.ActiveCfg = Release|Any CPU
		{E41B0EE6-95B5-4089-96F6-60F245AD9004}.Release|Any CPU.Build.0 = Release|Any CPU
		{88952F5C-5A37-47FD-823A-A4DDE3694CA3}.Debug|Any CPU.ActiveCfg = Debug|Any CPU
		{88952F5C-5A37-47FD-823A-A4DDE3694CA3}.Debug|Any CPU.Build.0 = Debug|Any CPU
		{88952F5C-5A37-47FD-823A-A4DDE3694CA3}.Release|Any CPU.ActiveCfg = Release|Any CPU
		{88952F5C-5A37-47FD-823A-A4DDE3694CA3}.Release|Any CPU.Build.0 = Release|Any CPU
	EndGlobalSection
	GlobalSection(SolutionProperties) = preSolution
		HideSolutionNode = FALSE
	EndGlobalSection
	GlobalSection(ExtensibilityGlobals) = postSolution
		SolutionGuid = {2F488488-D2F5-4EA3-A4CB-08605637D56F}
	EndGlobalSection
EndGlobal
