
Microsoft Visual Studio Solution File, Format Version 12.00
# Visual Studio 15
VisualStudioVersion = 15.0.28307.645
MinimumVisualStudioVersion = 10.0.40219.1
Project("{FAE04EC0-301F-11D3-BF4B-00C04F79EFBC}") = "01. Count Real Numbers", "01. Count Real Numbers\01. Count Real Numbers.csproj", "{60A861FF-5A0B-4A83-B1AC-918ADF2751F5}"
EndProject
Project("{FAE04EC0-301F-11D3-BF4B-00C04F79EFBC}") = "02. Odd Occurrences", "02. Odd Occurrences\02. Odd Occurrences.csproj", "{34D2E4F3-49A6-4B30-B531-2E5A8DA70502}"
EndProject
Project("{FAE04EC0-301F-11D3-BF4B-00C04F79EFBC}") = "03. Word Synonyms", "03. Word Synonyms\03. Word Synonyms.csproj", "{12A3616F-B853-4221-BA08-AC03A3ADD3F2}"
EndProject
Project("{FAE04EC0-301F-11D3-BF4B-00C04F79EFBC}") = "04. Largest 3 Numbers", "04. Largest 3 Numbers\04. Largest 3 Numbers.csproj", "{59C906FA-43E2-456E-9445-D717E6211819}"
EndProject
Project("{FAE04EC0-301F-11D3-BF4B-00C04F79EFBC}") = "05. Word Filter", "05. Word Filter\05. Word Filter.csproj", "{12CAB17C-C2D6-47B0-8A05-51E6D55519B8}"
EndProject
Global
	GlobalSection(SolutionConfigurationPlatforms) = preSolution
		Debug|Any CPU = Debug|Any CPU
		Release|Any CPU = Release|Any CPU
	EndGlobalSection
	GlobalSection(ProjectConfigurationPlatforms) = postSolution
		{60A861FF-5A0B-4A83-B1AC-918ADF2751F5}.Debug|Any CPU.ActiveCfg = Debug|Any CPU
		{60A861FF-5A0B-4A83-B1AC-918ADF2751F5}.Debug|Any CPU.Build.0 = Debug|Any CPU
		{60A861FF-5A0B-4A83-B1AC-918ADF2751F5}.Release|Any CPU.ActiveCfg = Release|Any CPU
		{60A861FF-5A0B-4A83-B1AC-918ADF2751F5}.Release|Any CPU.Build.0 = Release|Any CPU
		{34D2E4F3-49A6-4B30-B531-2E5A8DA70502}.Debug|Any CPU.ActiveCfg = Debug|Any CPU
		{34D2E4F3-49A6-4B30-B531-2E5A8DA70502}.Debug|Any CPU.Build.0 = Debug|Any CPU
		{34D2E4F3-49A6-4B30-B531-2E5A8DA70502}.Release|Any CPU.ActiveCfg = Release|Any CPU
		{34D2E4F3-49A6-4B30-B531-2E5A8DA70502}.Release|Any CPU.Build.0 = Release|Any CPU
		{12A3616F-B853-4221-BA08-AC03A3ADD3F2}.Debug|Any CPU.ActiveCfg = Debug|Any CPU
		{12A3616F-B853-4221-BA08-AC03A3ADD3F2}.Debug|Any CPU.Build.0 = Debug|Any CPU
		{12A3616F-B853-4221-BA08-AC03A3ADD3F2}.Release|Any CPU.ActiveCfg = Release|Any CPU
		{12A3616F-B853-4221-BA08-AC03A3ADD3F2}.Release|Any CPU.Build.0 = Release|Any CPU
		{59C906FA-43E2-456E-9445-D717E6211819}.Debug|Any CPU.ActiveCfg = Debug|Any CPU
		{59C906FA-43E2-456E-9445-D717E6211819}.Debug|Any CPU.Build.0 = Debug|Any CPU
		{59C906FA-43E2-456E-9445-D717E6211819}.Release|Any CPU.ActiveCfg = Release|Any CPU
		{59C906FA-43E2-456E-9445-D717E6211819}.Release|Any CPU.Build.0 = Release|Any CPU
		{12CAB17C-C2D6-47B0-8A05-51E6D55519B8}.Debug|Any CPU.ActiveCfg = Debug|Any CPU
		{12CAB17C-C2D6-47B0-8A05-51E6D55519B8}.Debug|Any CPU.Build.0 = Debug|Any CPU
		{12CAB17C-C2D6-47B0-8A05-51E6D55519B8}.Release|Any CPU.ActiveCfg = Release|Any CPU
		{12CAB17C-C2D6-47B0-8A05-51E6D55519B8}.Release|Any CPU.Build.0 = Release|Any CPU
	EndGlobalSection
	GlobalSection(SolutionProperties) = preSolution
		HideSolutionNode = FALSE
	EndGlobalSection
	GlobalSection(ExtensibilityGlobals) = postSolution
		SolutionGuid = {2B1366BC-7E7A-45F9-A8EA-FFDE452223F2}
	EndGlobalSection
EndGlobal
