
Microsoft Visual Studio Solution File, Format Version 12.00
# Visual Studio 15
VisualStudioVersion = 15.0.28307.489
MinimumVisualStudioVersion = 10.0.40219.1
Project("{FAE04EC0-301F-11D3-BF4B-00C04F79EFBC}") = "01. Christmas Sweets", "01. Christmas Sweets\01. Christmas Sweets.csproj", "{88D40A3D-76B1-480E-B433-48311DCAE598}"
EndProject
Project("{FAE04EC0-301F-11D3-BF4B-00C04F79EFBC}") = "02. Christmas Market", "02. Christmas Market\02. Christmas Market.csproj", "{C8AC58F7-C77C-4FE8-A00F-8E81BF5C2C03}"
EndProject
Project("{FAE04EC0-301F-11D3-BF4B-00C04F79EFBC}") = "03. Pastry Shop", "03. Pastry Shop\03. Pastry Shop.csproj", "{3F86E858-2579-4E25-9520-C8DFE364B59A}"
EndProject
Project("{FAE04EC0-301F-11D3-BF4B-00C04F79EFBC}") = "04. Christmas Gifts", "04. Christmas Gifts\04. Christmas Gifts.csproj", "{4A13CA78-EC5E-4748-95AB-5181D523F0D6}"
EndProject
Project("{FAE04EC0-301F-11D3-BF4B-00C04F79EFBC}") = "05. Gifts from Santa", "05. Gifts from Santa\05. Gifts from Santa.csproj", "{56D41805-4708-4A15-AFF0-07B37AD97C68}"
EndProject
Project("{FAE04EC0-301F-11D3-BF4B-00C04F79EFBC}") = "06. Christmas Decoration", "06. Christmas Decoration\06. Christmas Decoration.csproj", "{7AEFCD60-7FAA-4A4F-96DF-07BCD064F44F}"
EndProject
Global
	GlobalSection(SolutionConfigurationPlatforms) = preSolution
		Debug|Any CPU = Debug|Any CPU
		Release|Any CPU = Release|Any CPU
	EndGlobalSection
	GlobalSection(ProjectConfigurationPlatforms) = postSolution
		{88D40A3D-76B1-480E-B433-48311DCAE598}.Debug|Any CPU.ActiveCfg = Debug|Any CPU
		{88D40A3D-76B1-480E-B433-48311DCAE598}.Debug|Any CPU.Build.0 = Debug|Any CPU
		{88D40A3D-76B1-480E-B433-48311DCAE598}.Release|Any CPU.ActiveCfg = Release|Any CPU
		{88D40A3D-76B1-480E-B433-48311DCAE598}.Release|Any CPU.Build.0 = Release|Any CPU
		{C8AC58F7-C77C-4FE8-A00F-8E81BF5C2C03}.Debug|Any CPU.ActiveCfg = Debug|Any CPU
		{C8AC58F7-C77C-4FE8-A00F-8E81BF5C2C03}.Debug|Any CPU.Build.0 = Debug|Any CPU
		{C8AC58F7-C77C-4FE8-A00F-8E81BF5C2C03}.Release|Any CPU.ActiveCfg = Release|Any CPU
		{C8AC58F7-C77C-4FE8-A00F-8E81BF5C2C03}.Release|Any CPU.Build.0 = Release|Any CPU
		{3F86E858-2579-4E25-9520-C8DFE364B59A}.Debug|Any CPU.ActiveCfg = Debug|Any CPU
		{3F86E858-2579-4E25-9520-C8DFE364B59A}.Debug|Any CPU.Build.0 = Debug|Any CPU
		{3F86E858-2579-4E25-9520-C8DFE364B59A}.Release|Any CPU.ActiveCfg = Release|Any CPU
		{3F86E858-2579-4E25-9520-C8DFE364B59A}.Release|Any CPU.Build.0 = Release|Any CPU
		{4A13CA78-EC5E-4748-95AB-5181D523F0D6}.Debug|Any CPU.ActiveCfg = Debug|Any CPU
		{4A13CA78-EC5E-4748-95AB-5181D523F0D6}.Debug|Any CPU.Build.0 = Debug|Any CPU
		{4A13CA78-EC5E-4748-95AB-5181D523F0D6}.Release|Any CPU.ActiveCfg = Release|Any CPU
		{4A13CA78-EC5E-4748-95AB-5181D523F0D6}.Release|Any CPU.Build.0 = Release|Any CPU
		{56D41805-4708-4A15-AFF0-07B37AD97C68}.Debug|Any CPU.ActiveCfg = Debug|Any CPU
		{56D41805-4708-4A15-AFF0-07B37AD97C68}.Debug|Any CPU.Build.0 = Debug|Any CPU
		{56D41805-4708-4A15-AFF0-07B37AD97C68}.Release|Any CPU.ActiveCfg = Release|Any CPU
		{56D41805-4708-4A15-AFF0-07B37AD97C68}.Release|Any CPU.Build.0 = Release|Any CPU
		{7AEFCD60-7FAA-4A4F-96DF-07BCD064F44F}.Debug|Any CPU.ActiveCfg = Debug|Any CPU
		{7AEFCD60-7FAA-4A4F-96DF-07BCD064F44F}.Debug|Any CPU.Build.0 = Debug|Any CPU
		{7AEFCD60-7FAA-4A4F-96DF-07BCD064F44F}.Release|Any CPU.ActiveCfg = Release|Any CPU
		{7AEFCD60-7FAA-4A4F-96DF-07BCD064F44F}.Release|Any CPU.Build.0 = Release|Any CPU
	EndGlobalSection
	GlobalSection(SolutionProperties) = preSolution
		HideSolutionNode = FALSE
	EndGlobalSection
	GlobalSection(ExtensibilityGlobals) = postSolution
		SolutionGuid = {81DFC227-5EE4-4434-B16D-54BE65A3AA75}
	EndGlobalSection
EndGlobal
