
Microsoft Visual Studio Solution File, Format Version 12.00
# Visual Studio 15
VisualStudioVersion = 15.0.28307.489
MinimumVisualStudioVersion = 10.0.40219.1
Project("{FAE04EC0-301F-11D3-BF4B-00C04F79EFBC}") = "01. Dictionary", "01. Dictionary\01. Dictionary.csproj", "{0C1F6533-53C5-4552-ACB0-35F9D4EDA72E}"
EndProject
Project("{FAE04EC0-301F-11D3-BF4B-00C04F79EFBC}") = "02. Deciphering", "02. Deciphering\02. Deciphering.csproj", "{0FBB3090-254C-4326-9F8A-5CD92A273DB4}"
EndProject
Global
	GlobalSection(SolutionConfigurationPlatforms) = preSolution
		Debug|Any CPU = Debug|Any CPU
		Release|Any CPU = Release|Any CPU
	EndGlobalSection
	GlobalSection(ProjectConfigurationPlatforms) = postSolution
		{0C1F6533-53C5-4552-ACB0-35F9D4EDA72E}.Debug|Any CPU.ActiveCfg = Debug|Any CPU
		{0C1F6533-53C5-4552-ACB0-35F9D4EDA72E}.Debug|Any CPU.Build.0 = Debug|Any CPU
		{0C1F6533-53C5-4552-ACB0-35F9D4EDA72E}.Release|Any CPU.ActiveCfg = Release|Any CPU
		{0C1F6533-53C5-4552-ACB0-35F9D4EDA72E}.Release|Any CPU.Build.0 = Release|Any CPU
		{0FBB3090-254C-4326-9F8A-5CD92A273DB4}.Debug|Any CPU.ActiveCfg = Debug|Any CPU
		{0FBB3090-254C-4326-9F8A-5CD92A273DB4}.Debug|Any CPU.Build.0 = Debug|Any CPU
		{0FBB3090-254C-4326-9F8A-5CD92A273DB4}.Release|Any CPU.ActiveCfg = Release|Any CPU
		{0FBB3090-254C-4326-9F8A-5CD92A273DB4}.Release|Any CPU.Build.0 = Release|Any CPU
	EndGlobalSection
	GlobalSection(SolutionProperties) = preSolution
		HideSolutionNode = FALSE
	EndGlobalSection
	GlobalSection(ExtensibilityGlobals) = postSolution
		SolutionGuid = {7E9AD783-2630-4928-99FE-73360E6828F5}
	EndGlobalSection
EndGlobal
