
Microsoft Visual Studio Solution File, Format Version 12.00
# Visual Studio 15
VisualStudioVersion = 15.0.28307.489
MinimumVisualStudioVersion = 10.0.40219.1
Project("{FAE04EC0-301F-11D3-BF4B-00C04F79EFBC}") = "01. The Isle of Man TTRace", "01. The Isle of Man TTRace\01. The Isle of Man TTRace.csproj", "{804DA312-D82D-4D99-91BD-45F7E5B194DC}"
EndProject
Project("{FAE04EC0-301F-11D3-BF4B-00C04F79EFBC}") = "02. Practice Sessions", "02. Practice Sessions\02. Practice Sessions.csproj", "{61D75345-DC1B-4A0D-81CF-BDE424F15672}"
EndProject
Global
	GlobalSection(SolutionConfigurationPlatforms) = preSolution
		Debug|Any CPU = Debug|Any CPU
		Release|Any CPU = Release|Any CPU
	EndGlobalSection
	GlobalSection(ProjectConfigurationPlatforms) = postSolution
		{804DA312-D82D-4D99-91BD-45F7E5B194DC}.Debug|Any CPU.ActiveCfg = Debug|Any CPU
		{804DA312-D82D-4D99-91BD-45F7E5B194DC}.Debug|Any CPU.Build.0 = Debug|Any CPU
		{804DA312-D82D-4D99-91BD-45F7E5B194DC}.Release|Any CPU.ActiveCfg = Release|Any CPU
		{804DA312-D82D-4D99-91BD-45F7E5B194DC}.Release|Any CPU.Build.0 = Release|Any CPU
		{61D75345-DC1B-4A0D-81CF-BDE424F15672}.Debug|Any CPU.ActiveCfg = Debug|Any CPU
		{61D75345-DC1B-4A0D-81CF-BDE424F15672}.Debug|Any CPU.Build.0 = Debug|Any CPU
		{61D75345-DC1B-4A0D-81CF-BDE424F15672}.Release|Any CPU.ActiveCfg = Release|Any CPU
		{61D75345-DC1B-4A0D-81CF-BDE424F15672}.Release|Any CPU.Build.0 = Release|Any CPU
	EndGlobalSection
	GlobalSection(SolutionProperties) = preSolution
		HideSolutionNode = FALSE
	EndGlobalSection
	GlobalSection(ExtensibilityGlobals) = postSolution
		SolutionGuid = {F11AA98E-E808-4680-A93A-81E6220A6F64}
	EndGlobalSection
EndGlobal
