
Microsoft Visual Studio Solution File, Format Version 12.00
# Visual Studio 15
VisualStudioVersion = 15.0.28307.489
MinimumVisualStudioVersion = 10.0.40219.1
Project("{FAE04EC0-301F-11D3-BF4B-00C04F79EFBC}") = "01. Bonus System", "01. Bonus System\01. Bonus System.csproj", "{70266CB9-D4D8-4047-96EE-55F7BAD48739}"
EndProject
Project("{FAE04EC0-301F-11D3-BF4B-00C04F79EFBC}") = "02. Nascar Qualifications", "02. Nascar Qualifications\02. Nascar Qualifications.csproj", "{75A024F5-E9BF-416F-AD87-38E3B00F8262}"
EndProject
Project("{FAE04EC0-301F-11D3-BF4B-00C04F79EFBC}") = "03. Emoji Sumator", "03. Emoji Sumator\03. Emoji Sumator.csproj", "{A9475938-2E9A-4816-9A50-2F38B342DE39}"
EndProject
Global
	GlobalSection(SolutionConfigurationPlatforms) = preSolution
		Debug|Any CPU = Debug|Any CPU
		Release|Any CPU = Release|Any CPU
	EndGlobalSection
	GlobalSection(ProjectConfigurationPlatforms) = postSolution
		{70266CB9-D4D8-4047-96EE-55F7BAD48739}.Debug|Any CPU.ActiveCfg = Debug|Any CPU
		{70266CB9-D4D8-4047-96EE-55F7BAD48739}.Debug|Any CPU.Build.0 = Debug|Any CPU
		{70266CB9-D4D8-4047-96EE-55F7BAD48739}.Release|Any CPU.ActiveCfg = Release|Any CPU
		{70266CB9-D4D8-4047-96EE-55F7BAD48739}.Release|Any CPU.Build.0 = Release|Any CPU
		{75A024F5-E9BF-416F-AD87-38E3B00F8262}.Debug|Any CPU.ActiveCfg = Debug|Any CPU
		{75A024F5-E9BF-416F-AD87-38E3B00F8262}.Debug|Any CPU.Build.0 = Debug|Any CPU
		{75A024F5-E9BF-416F-AD87-38E3B00F8262}.Release|Any CPU.ActiveCfg = Release|Any CPU
		{75A024F5-E9BF-416F-AD87-38E3B00F8262}.Release|Any CPU.Build.0 = Release|Any CPU
		{A9475938-2E9A-4816-9A50-2F38B342DE39}.Debug|Any CPU.ActiveCfg = Debug|Any CPU
		{A9475938-2E9A-4816-9A50-2F38B342DE39}.Debug|Any CPU.Build.0 = Debug|Any CPU
		{A9475938-2E9A-4816-9A50-2F38B342DE39}.Release|Any CPU.ActiveCfg = Release|Any CPU
		{A9475938-2E9A-4816-9A50-2F38B342DE39}.Release|Any CPU.Build.0 = Release|Any CPU
	EndGlobalSection
	GlobalSection(SolutionProperties) = preSolution
		HideSolutionNode = FALSE
	EndGlobalSection
	GlobalSection(ExtensibilityGlobals) = postSolution
		SolutionGuid = {76407C0F-1D9C-4712-8E2C-67DD5D919002}
	EndGlobalSection
EndGlobal
