
Microsoft Visual Studio Solution File, Format Version 12.00
# Visual Studio 15
VisualStudioVersion = 15.0.28307.489
MinimumVisualStudioVersion = 10.0.40219.1
Project("{9A19103F-16F7-4668-BE54-9A1E7A4F7556}") = "01. Bonus System", "01. Bonus System\01. Bonus System.csproj", "{DB8F0903-9EA2-4720-9FB2-B4B354BF1245}"
EndProject
Project("{9A19103F-16F7-4668-BE54-9A1E7A4F7556}") = "02. Nascar Qualifications", "02. Nascar Qualifications\02. Nascar Qualifications.csproj", "{02369A2B-12F3-429C-AE44-5D9D0E50F30F}"
EndProject
Project("{9A19103F-16F7-4668-BE54-9A1E7A4F7556}") = "03. Emoji Sumator", "03. Emoji Sumator\03. Emoji Sumator.csproj", "{FCC5B0DF-0863-4141-B061-654A5A89BA56}"
EndProject
Project("{FAE04EC0-301F-11D3-BF4B-00C04F79EFBC}") = "04 International SoftUniada", "04 International SoftUniada\04 International SoftUniada.csproj", "{4DE17D9E-618B-4ECB-9888-73AF7341EB5E}"
EndProject
Global
	GlobalSection(SolutionConfigurationPlatforms) = preSolution
		Debug|Any CPU = Debug|Any CPU
		Release|Any CPU = Release|Any CPU
	EndGlobalSection
	GlobalSection(ProjectConfigurationPlatforms) = postSolution
		{DB8F0903-9EA2-4720-9FB2-B4B354BF1245}.Debug|Any CPU.ActiveCfg = Debug|Any CPU
		{DB8F0903-9EA2-4720-9FB2-B4B354BF1245}.Debug|Any CPU.Build.0 = Debug|Any CPU
		{DB8F0903-9EA2-4720-9FB2-B4B354BF1245}.Release|Any CPU.ActiveCfg = Release|Any CPU
		{DB8F0903-9EA2-4720-9FB2-B4B354BF1245}.Release|Any CPU.Build.0 = Release|Any CPU
		{02369A2B-12F3-429C-AE44-5D9D0E50F30F}.Debug|Any CPU.ActiveCfg = Debug|Any CPU
		{02369A2B-12F3-429C-AE44-5D9D0E50F30F}.Debug|Any CPU.Build.0 = Debug|Any CPU
		{02369A2B-12F3-429C-AE44-5D9D0E50F30F}.Release|Any CPU.ActiveCfg = Release|Any CPU
		{02369A2B-12F3-429C-AE44-5D9D0E50F30F}.Release|Any CPU.Build.0 = Release|Any CPU
		{FCC5B0DF-0863-4141-B061-654A5A89BA56}.Debug|Any CPU.ActiveCfg = Debug|Any CPU
		{FCC5B0DF-0863-4141-B061-654A5A89BA56}.Debug|Any CPU.Build.0 = Debug|Any CPU
		{FCC5B0DF-0863-4141-B061-654A5A89BA56}.Release|Any CPU.ActiveCfg = Release|Any CPU
		{FCC5B0DF-0863-4141-B061-654A5A89BA56}.Release|Any CPU.Build.0 = Release|Any CPU
		{4DE17D9E-618B-4ECB-9888-73AF7341EB5E}.Debug|Any CPU.ActiveCfg = Debug|Any CPU
		{4DE17D9E-618B-4ECB-9888-73AF7341EB5E}.Debug|Any CPU.Build.0 = Debug|Any CPU
		{4DE17D9E-618B-4ECB-9888-73AF7341EB5E}.Release|Any CPU.ActiveCfg = Release|Any CPU
		{4DE17D9E-618B-4ECB-9888-73AF7341EB5E}.Release|Any CPU.Build.0 = Release|Any CPU
	EndGlobalSection
	GlobalSection(SolutionProperties) = preSolution
		HideSolutionNode = FALSE
	EndGlobalSection
	GlobalSection(ExtensibilityGlobals) = postSolution
		SolutionGuid = {94708F53-12F9-4549-8D6A-5925DD1A1919}
	EndGlobalSection
EndGlobal
