
Microsoft Visual Studio Solution File, Format Version 12.00
# Visual Studio 15
VisualStudioVersion = 15.0.28307.329
MinimumVisualStudioVersion = 10.0.40219.1
Project("{9A19103F-16F7-4668-BE54-9A1E7A4F7556}") = "01. Data Types", "01. Data Types\01. Data Types.csproj", "{01D63228-DD69-45D1-A161-0B72662D4083}"
EndProject
Project("{9A19103F-16F7-4668-BE54-9A1E7A4F7556}") = "02. Center Point", "02. Center Point\02. Center Point.csproj", "{8DF6F881-528A-4F07-802F-02E61036EFCA}"
EndProject
Project("{9A19103F-16F7-4668-BE54-9A1E7A4F7556}") = "03. Longer Line", "03. Longer Line\03. Longer Line.csproj", "{5F1F4582-1735-4BAF-92C8-86688AF339CE}"
EndProject
Project("{9A19103F-16F7-4668-BE54-9A1E7A4F7556}") = "04. Tribonacci Sequence", "04. Tribonacci Sequence\04. Tribonacci Sequence.csproj", "{DC26AFFC-6802-4AF3-B59F-ACBF0E35D21A}"
EndProject
Project("{FAE04EC0-301F-11D3-BF4B-00C04F79EFBC}") = "05. Multiplication Sign", "05. Multiplication Sign\05. Multiplication Sign.csproj", "{21C94E27-4BDC-40D3-A9FA-632DA42BFDEC}"
EndProject
Global
	GlobalSection(SolutionConfigurationPlatforms) = preSolution
		Debug|Any CPU = Debug|Any CPU
		Release|Any CPU = Release|Any CPU
	EndGlobalSection
	GlobalSection(ProjectConfigurationPlatforms) = postSolution
		{01D63228-DD69-45D1-A161-0B72662D4083}.Debug|Any CPU.ActiveCfg = Debug|Any CPU
		{01D63228-DD69-45D1-A161-0B72662D4083}.Debug|Any CPU.Build.0 = Debug|Any CPU
		{01D63228-DD69-45D1-A161-0B72662D4083}.Release|Any CPU.ActiveCfg = Release|Any CPU
		{01D63228-DD69-45D1-A161-0B72662D4083}.Release|Any CPU.Build.0 = Release|Any CPU
		{8DF6F881-528A-4F07-802F-02E61036EFCA}.Debug|Any CPU.ActiveCfg = Debug|Any CPU
		{8DF6F881-528A-4F07-802F-02E61036EFCA}.Debug|Any CPU.Build.0 = Debug|Any CPU
		{8DF6F881-528A-4F07-802F-02E61036EFCA}.Release|Any CPU.ActiveCfg = Release|Any CPU
		{8DF6F881-528A-4F07-802F-02E61036EFCA}.Release|Any CPU.Build.0 = Release|Any CPU
		{5F1F4582-1735-4BAF-92C8-86688AF339CE}.Debug|Any CPU.ActiveCfg = Debug|Any CPU
		{5F1F4582-1735-4BAF-92C8-86688AF339CE}.Debug|Any CPU.Build.0 = Debug|Any CPU
		{5F1F4582-1735-4BAF-92C8-86688AF339CE}.Release|Any CPU.ActiveCfg = Release|Any CPU
		{5F1F4582-1735-4BAF-92C8-86688AF339CE}.Release|Any CPU.Build.0 = Release|Any CPU
		{DC26AFFC-6802-4AF3-B59F-ACBF0E35D21A}.Debug|Any CPU.ActiveCfg = Debug|Any CPU
		{DC26AFFC-6802-4AF3-B59F-ACBF0E35D21A}.Debug|Any CPU.Build.0 = Debug|Any CPU
		{DC26AFFC-6802-4AF3-B59F-ACBF0E35D21A}.Release|Any CPU.ActiveCfg = Release|Any CPU
		{DC26AFFC-6802-4AF3-B59F-ACBF0E35D21A}.Release|Any CPU.Build.0 = Release|Any CPU
		{21C94E27-4BDC-40D3-A9FA-632DA42BFDEC}.Debug|Any CPU.ActiveCfg = Debug|Any CPU
		{21C94E27-4BDC-40D3-A9FA-632DA42BFDEC}.Debug|Any CPU.Build.0 = Debug|Any CPU
		{21C94E27-4BDC-40D3-A9FA-632DA42BFDEC}.Release|Any CPU.ActiveCfg = Release|Any CPU
		{21C94E27-4BDC-40D3-A9FA-632DA42BFDEC}.Release|Any CPU.Build.0 = Release|Any CPU
	EndGlobalSection
	GlobalSection(SolutionProperties) = preSolution
		HideSolutionNode = FALSE
	EndGlobalSection
	GlobalSection(ExtensibilityGlobals) = postSolution
		SolutionGuid = {7CFB49B6-58ED-4DEC-8F0E-B748B93A23FF}
	EndGlobalSection
EndGlobal
