
Microsoft Visual Studio Solution File, Format Version 12.00
# Visual Studio 15
VisualStudioVersion = 15.0.28307.645
MinimumVisualStudioVersion = 10.0.40219.1
Project("{FAE04EC0-301F-11D3-BF4B-00C04F79EFBC}") = "Contact List", "Contact List\Contact List.csproj", "{1CEC9809-4640-4FC7-A811-C1C63B28AD07}"
EndProject
Project("{FAE04EC0-301F-11D3-BF4B-00C04F79EFBC}") = "Distance Calculator", "Distance Calculator\Distance Calculator.csproj", "{BE4AE9FD-00D8-497D-862E-6F7996314AA0}"
EndProject
Project("{FAE04EC0-301F-11D3-BF4B-00C04F79EFBC}") = "Number Array", "Number Array\Number Array.csproj", "{199F81EE-D885-4FB1-88D9-5D6D98E957C7}"
EndProject
Global
	GlobalSection(SolutionConfigurationPlatforms) = preSolution
		Debug|Any CPU = Debug|Any CPU
		Release|Any CPU = Release|Any CPU
	EndGlobalSection
	GlobalSection(ProjectConfigurationPlatforms) = postSolution
		{1CEC9809-4640-4FC7-A811-C1C63B28AD07}.Debug|Any CPU.ActiveCfg = Debug|Any CPU
		{1CEC9809-4640-4FC7-A811-C1C63B28AD07}.Debug|Any CPU.Build.0 = Debug|Any CPU
		{1CEC9809-4640-4FC7-A811-C1C63B28AD07}.Release|Any CPU.ActiveCfg = Release|Any CPU
		{1CEC9809-4640-4FC7-A811-C1C63B28AD07}.Release|Any CPU.Build.0 = Release|Any CPU
		{BE4AE9FD-00D8-497D-862E-6F7996314AA0}.Debug|Any CPU.ActiveCfg = Debug|Any CPU
		{BE4AE9FD-00D8-497D-862E-6F7996314AA0}.Debug|Any CPU.Build.0 = Debug|Any CPU
		{BE4AE9FD-00D8-497D-862E-6F7996314AA0}.Release|Any CPU.ActiveCfg = Release|Any CPU
		{BE4AE9FD-00D8-497D-862E-6F7996314AA0}.Release|Any CPU.Build.0 = Release|Any CPU
		{199F81EE-D885-4FB1-88D9-5D6D98E957C7}.Debug|Any CPU.ActiveCfg = Debug|Any CPU
		{199F81EE-D885-4FB1-88D9-5D6D98E957C7}.Debug|Any CPU.Build.0 = Debug|Any CPU
		{199F81EE-D885-4FB1-88D9-5D6D98E957C7}.Release|Any CPU.ActiveCfg = Release|Any CPU
		{199F81EE-D885-4FB1-88D9-5D6D98E957C7}.Release|Any CPU.Build.0 = Release|Any CPU
	EndGlobalSection
	GlobalSection(SolutionProperties) = preSolution
		HideSolutionNode = FALSE
	EndGlobalSection
	GlobalSection(ExtensibilityGlobals) = postSolution
		SolutionGuid = {765E8A12-B66D-47D0-8DB2-28B4D7FF4254}
	EndGlobalSection
EndGlobal
