
Microsoft Visual Studio Solution File, Format Version 12.00
# Visual Studio 15
VisualStudioVersion = 15.0.28307.489
MinimumVisualStudioVersion = 10.0.40219.1
Project("{FAE04EC0-301F-11D3-BF4B-00C04F79EFBC}") = "01. Cooking Masterclass", "01. Cooking Masterclass\01. Cooking Masterclass.csproj", "{608A57A6-371D-4BFE-8E99-7F70204A1311}"
EndProject
Project("{FAE04EC0-301F-11D3-BF4B-00C04F79EFBC}") = "02. Bread Factory", "02. Bread Factory\02. Bread Factory.csproj", "{245BE6DC-8192-4B51-949A-E25D44772CB0}"
EndProject
Project("{FAE04EC0-301F-11D3-BF4B-00C04F79EFBC}") = "03. Cooking Factory", "03. Cooking Factory\03. Cooking Factory.csproj", "{CEF17F09-2334-4EAA-8879-F4A5ADB01303}"
EndProject
Global
	GlobalSection(SolutionConfigurationPlatforms) = preSolution
		Debug|Any CPU = Debug|Any CPU
		Release|Any CPU = Release|Any CPU
	EndGlobalSection
	GlobalSection(ProjectConfigurationPlatforms) = postSolution
		{608A57A6-371D-4BFE-8E99-7F70204A1311}.Debug|Any CPU.ActiveCfg = Debug|Any CPU
		{608A57A6-371D-4BFE-8E99-7F70204A1311}.Debug|Any CPU.Build.0 = Debug|Any CPU
		{608A57A6-371D-4BFE-8E99-7F70204A1311}.Release|Any CPU.ActiveCfg = Release|Any CPU
		{608A57A6-371D-4BFE-8E99-7F70204A1311}.Release|Any CPU.Build.0 = Release|Any CPU
		{245BE6DC-8192-4B51-949A-E25D44772CB0}.Debug|Any CPU.ActiveCfg = Debug|Any CPU
		{245BE6DC-8192-4B51-949A-E25D44772CB0}.Debug|Any CPU.Build.0 = Debug|Any CPU
		{245BE6DC-8192-4B51-949A-E25D44772CB0}.Release|Any CPU.ActiveCfg = Release|Any CPU
		{245BE6DC-8192-4B51-949A-E25D44772CB0}.Release|Any CPU.Build.0 = Release|Any CPU
		{CEF17F09-2334-4EAA-8879-F4A5ADB01303}.Debug|Any CPU.ActiveCfg = Debug|Any CPU
		{CEF17F09-2334-4EAA-8879-F4A5ADB01303}.Debug|Any CPU.Build.0 = Debug|Any CPU
		{CEF17F09-2334-4EAA-8879-F4A5ADB01303}.Release|Any CPU.ActiveCfg = Release|Any CPU
		{CEF17F09-2334-4EAA-8879-F4A5ADB01303}.Release|Any CPU.Build.0 = Release|Any CPU
	EndGlobalSection
	GlobalSection(SolutionProperties) = preSolution
		HideSolutionNode = FALSE
	EndGlobalSection
	GlobalSection(ExtensibilityGlobals) = postSolution
		SolutionGuid = {0B93D205-6588-418C-91C4-890427BF6D36}
	EndGlobalSection
EndGlobal
