
Microsoft Visual Studio Solution File, Format Version 12.00
# Visual Studio 15
VisualStudioVersion = 15.0.28307.645
MinimumVisualStudioVersion = 10.0.40219.1
Project("{9A19103F-16F7-4668-BE54-9A1E7A4F7556}") = "01. Messaging", "01. Messaging\01. Messaging.csproj", "{5533DDAC-F553-43DB-9911-D3CCD7A3A18F}"
EndProject
Project("{9A19103F-16F7-4668-BE54-9A1E7A4F7556}") = "02. Car Race", "02. Car Race\02. Car Race.csproj", "{1BB13AF3-E0F6-4266-94F4-30A873BBC8C3}"
EndProject
Project("{9A19103F-16F7-4668-BE54-9A1E7A4F7556}") = "03. TakeSkip Rope", "03. TakeSkip Rope\03. TakeSkip Rope.csproj", "{8BDEE135-7DC9-4C23-BDD5-88FFFF5F1339}"
EndProject
Project("{9A19103F-16F7-4668-BE54-9A1E7A4F7556}") = "04. Mixed up Lists", "04. Mixed up Lists\04. Mixed up Lists.csproj", "{2E234C70-8473-41EE-B718-D2E1A7E40087}"
EndProject
Project("{FAE04EC0-301F-11D3-BF4B-00C04F79EFBC}") = "05. Drum Set", "05. Drum Set\05. Drum Set.csproj", "{2BDB6EEE-E391-4E1B-9493-45A4EEDBA1AA}"
EndProject
Global
	GlobalSection(SolutionConfigurationPlatforms) = preSolution
		Debug|Any CPU = Debug|Any CPU
		Release|Any CPU = Release|Any CPU
	EndGlobalSection
	GlobalSection(ProjectConfigurationPlatforms) = postSolution
		{5533DDAC-F553-43DB-9911-D3CCD7A3A18F}.Debug|Any CPU.ActiveCfg = Debug|Any CPU
		{5533DDAC-F553-43DB-9911-D3CCD7A3A18F}.Debug|Any CPU.Build.0 = Debug|Any CPU
		{5533DDAC-F553-43DB-9911-D3CCD7A3A18F}.Release|Any CPU.ActiveCfg = Release|Any CPU
		{5533DDAC-F553-43DB-9911-D3CCD7A3A18F}.Release|Any CPU.Build.0 = Release|Any CPU
		{1BB13AF3-E0F6-4266-94F4-30A873BBC8C3}.Debug|Any CPU.ActiveCfg = Debug|Any CPU
		{1BB13AF3-E0F6-4266-94F4-30A873BBC8C3}.Debug|Any CPU.Build.0 = Debug|Any CPU
		{1BB13AF3-E0F6-4266-94F4-30A873BBC8C3}.Release|Any CPU.ActiveCfg = Release|Any CPU
		{1BB13AF3-E0F6-4266-94F4-30A873BBC8C3}.Release|Any CPU.Build.0 = Release|Any CPU
		{8BDEE135-7DC9-4C23-BDD5-88FFFF5F1339}.Debug|Any CPU.ActiveCfg = Debug|Any CPU
		{8BDEE135-7DC9-4C23-BDD5-88FFFF5F1339}.Debug|Any CPU.Build.0 = Debug|Any CPU
		{8BDEE135-7DC9-4C23-BDD5-88FFFF5F1339}.Release|Any CPU.ActiveCfg = Release|Any CPU
		{8BDEE135-7DC9-4C23-BDD5-88FFFF5F1339}.Release|Any CPU.Build.0 = Release|Any CPU
		{2E234C70-8473-41EE-B718-D2E1A7E40087}.Debug|Any CPU.ActiveCfg = Debug|Any CPU
		{2E234C70-8473-41EE-B718-D2E1A7E40087}.Debug|Any CPU.Build.0 = Debug|Any CPU
		{2E234C70-8473-41EE-B718-D2E1A7E40087}.Release|Any CPU.ActiveCfg = Release|Any CPU
		{2E234C70-8473-41EE-B718-D2E1A7E40087}.Release|Any CPU.Build.0 = Release|Any CPU
		{2BDB6EEE-E391-4E1B-9493-45A4EEDBA1AA}.Debug|Any CPU.ActiveCfg = Debug|Any CPU
		{2BDB6EEE-E391-4E1B-9493-45A4EEDBA1AA}.Debug|Any CPU.Build.0 = Debug|Any CPU
		{2BDB6EEE-E391-4E1B-9493-45A4EEDBA1AA}.Release|Any CPU.ActiveCfg = Release|Any CPU
		{2BDB6EEE-E391-4E1B-9493-45A4EEDBA1AA}.Release|Any CPU.Build.0 = Release|Any CPU
	EndGlobalSection
	GlobalSection(SolutionProperties) = preSolution
		HideSolutionNode = FALSE
	EndGlobalSection
	GlobalSection(ExtensibilityGlobals) = postSolution
		SolutionGuid = {AFB80C4B-77EE-429B-9450-F6DFD516627B}
	EndGlobalSection
EndGlobal
