
Microsoft Visual Studio Solution File, Format Version 12.00
# Visual Studio 15
VisualStudioVersion = 15.0.28307.271
MinimumVisualStudioVersion = 10.0.40219.1
Project("{9A19103F-16F7-4668-BE54-9A1E7A4F7556}") = "01. ExcellentResult", "ConditionalStatementsLab\01. ExcellentResult.csproj", "{2BBDD697-4225-4FA0-AD6C-38029E48A82C}"
EndProject
Project("{9A19103F-16F7-4668-BE54-9A1E7A4F7556}") = "02. Greater Number", "02. Greater Number\02. Greater Number.csproj", "{7C48A6FF-2B49-4A82-9743-3C5FF211BFAC}"
EndProject
Project("{9A19103F-16F7-4668-BE54-9A1E7A4F7556}") = "03. Even or Odd", "03. Even or Odd\03. Even or Odd.csproj", "{7501A5EA-6BDD-480E-B007-2A5739AAACA0}"
EndProject
Project("{9A19103F-16F7-4668-BE54-9A1E7A4F7556}") = "04. NumbersAsWords", "ConsoleApp1\04. NumbersAsWords.csproj", "{1A77BE9E-4292-4FD4-A6FA-AB61EFF1268E}"
EndProject
Project("{9A19103F-16F7-4668-BE54-9A1E7A4F7556}") = "05. 3 Equal Numbers", "05. 3 Equal Numbers\05. 3 Equal Numbers.csproj", "{1DBC3679-BF09-42F0-AD53-8C36BC2CFE63}"
EndProject
Project("{9A19103F-16F7-4668-BE54-9A1E7A4F7556}") = "06. Number 100to200", "06. Number 100to200\06. Number 100to200.csproj", "{9603136F-6EC5-453D-92AB-CB5DF5CAC912}"
EndProject
Project("{9A19103F-16F7-4668-BE54-9A1E7A4F7556}") = "07. Password Guess", "07. Password Guess\07. Password Guess.csproj", "{3AE9B172-50D4-4B46-BD99-D28AB70E4879}"
EndProject
Project("{9A19103F-16F7-4668-BE54-9A1E7A4F7556}") = "08. Equal Words", "08. Equal Words\08. Equal Words.csproj", "{3BA31341-37A5-4834-8694-2612849371D1}"
EndProject
Project("{9A19103F-16F7-4668-BE54-9A1E7A4F7556}") = "09. Area of Figures", "09. Area of Figures\09. Area of Figures.csproj", "{D314906B-F40D-4912-B6E3-FF0A7CEB8979}"
EndProject
Project("{9A19103F-16F7-4668-BE54-9A1E7A4F7556}") = "10. Day of Week", "10. Day of Week\10. Day of Week.csproj", "{70932185-74B5-42E1-9265-9E795314F14F}"
EndProject
Project("{9A19103F-16F7-4668-BE54-9A1E7A4F7556}") = "11. Animal Type", "11. Animal Type\11. Animal Type.csproj", "{48973819-38DB-456A-89C6-151D7F5DFED2}"
EndProject
Project("{9A19103F-16F7-4668-BE54-9A1E7A4F7556}") = "12. Toy Shop", "12. Toy Shop\12. Toy Shop.csproj", "{15CF75A6-9402-4459-AF62-5825CA76DD21}"
EndProject
Global
	GlobalSection(SolutionConfigurationPlatforms) = preSolution
		Debug|Any CPU = Debug|Any CPU
		Release|Any CPU = Release|Any CPU
	EndGlobalSection
	GlobalSection(ProjectConfigurationPlatforms) = postSolution
		{2BBDD697-4225-4FA0-AD6C-38029E48A82C}.Debug|Any CPU.ActiveCfg = Debug|Any CPU
		{2BBDD697-4225-4FA0-AD6C-38029E48A82C}.Debug|Any CPU.Build.0 = Debug|Any CPU
		{2BBDD697-4225-4FA0-AD6C-38029E48A82C}.Release|Any CPU.ActiveCfg = Release|Any CPU
		{2BBDD697-4225-4FA0-AD6C-38029E48A82C}.Release|Any CPU.Build.0 = Release|Any CPU
		{7C48A6FF-2B49-4A82-9743-3C5FF211BFAC}.Debug|Any CPU.ActiveCfg = Debug|Any CPU
		{7C48A6FF-2B49-4A82-9743-3C5FF211BFAC}.Debug|Any CPU.Build.0 = Debug|Any CPU
		{7C48A6FF-2B49-4A82-9743-3C5FF211BFAC}.Release|Any CPU.ActiveCfg = Release|Any CPU
		{7C48A6FF-2B49-4A82-9743-3C5FF211BFAC}.Release|Any CPU.Build.0 = Release|Any CPU
		{7501A5EA-6BDD-480E-B007-2A5739AAACA0}.Debug|Any CPU.ActiveCfg = Debug|Any CPU
		{7501A5EA-6BDD-480E-B007-2A5739AAACA0}.Debug|Any CPU.Build.0 = Debug|Any CPU
		{7501A5EA-6BDD-480E-B007-2A5739AAACA0}.Release|Any CPU.ActiveCfg = Release|Any CPU
		{7501A5EA-6BDD-480E-B007-2A5739AAACA0}.Release|Any CPU.Build.0 = Release|Any CPU
		{1A77BE9E-4292-4FD4-A6FA-AB61EFF1268E}.Debug|Any CPU.ActiveCfg = Debug|Any CPU
		{1A77BE9E-4292-4FD4-A6FA-AB61EFF1268E}.Debug|Any CPU.Build.0 = Debug|Any CPU
		{1A77BE9E-4292-4FD4-A6FA-AB61EFF1268E}.Release|Any CPU.ActiveCfg = Release|Any CPU
		{1A77BE9E-4292-4FD4-A6FA-AB61EFF1268E}.Release|Any CPU.Build.0 = Release|Any CPU
		{1DBC3679-BF09-42F0-AD53-8C36BC2CFE63}.Debug|Any CPU.ActiveCfg = Debug|Any CPU
		{1DBC3679-BF09-42F0-AD53-8C36BC2CFE63}.Debug|Any CPU.Build.0 = Debug|Any CPU
		{1DBC3679-BF09-42F0-AD53-8C36BC2CFE63}.Release|Any CPU.ActiveCfg = Release|Any CPU
		{1DBC3679-BF09-42F0-AD53-8C36BC2CFE63}.Release|Any CPU.Build.0 = Release|Any CPU
		{9603136F-6EC5-453D-92AB-CB5DF5CAC912}.Debug|Any CPU.ActiveCfg = Debug|Any CPU
		{9603136F-6EC5-453D-92AB-CB5DF5CAC912}.Debug|Any CPU.Build.0 = Debug|Any CPU
		{9603136F-6EC5-453D-92AB-CB5DF5CAC912}.Release|Any CPU.ActiveCfg = Release|Any CPU
		{9603136F-6EC5-453D-92AB-CB5DF5CAC912}.Release|Any CPU.Build.0 = Release|Any CPU
		{3AE9B172-50D4-4B46-BD99-D28AB70E4879}.Debug|Any CPU.ActiveCfg = Debug|Any CPU
		{3AE9B172-50D4-4B46-BD99-D28AB70E4879}.Debug|Any CPU.Build.0 = Debug|Any CPU
		{3AE9B172-50D4-4B46-BD99-D28AB70E4879}.Release|Any CPU.ActiveCfg = Release|Any CPU
		{3AE9B172-50D4-4B46-BD99-D28AB70E4879}.Release|Any CPU.Build.0 = Release|Any CPU
		{3BA31341-37A5-4834-8694-2612849371D1}.Debug|Any CPU.ActiveCfg = Debug|Any CPU
		{3BA31341-37A5-4834-8694-2612849371D1}.Debug|Any CPU.Build.0 = Debug|Any CPU
		{3BA31341-37A5-4834-8694-2612849371D1}.Release|Any CPU.ActiveCfg = Release|Any CPU
		{3BA31341-37A5-4834-8694-2612849371D1}.Release|Any CPU.Build.0 = Release|Any CPU
		{D314906B-F40D-4912-B6E3-FF0A7CEB8979}.Debug|Any CPU.ActiveCfg = Debug|Any CPU
		{D314906B-F40D-4912-B6E3-FF0A7CEB8979}.Debug|Any CPU.Build.0 = Debug|Any CPU
		{D314906B-F40D-4912-B6E3-FF0A7CEB8979}.Release|Any CPU.ActiveCfg = Release|Any CPU
		{D314906B-F40D-4912-B6E3-FF0A7CEB8979}.Release|Any CPU.Build.0 = Release|Any CPU
		{70932185-74B5-42E1-9265-9E795314F14F}.Debug|Any CPU.ActiveCfg = Debug|Any CPU
		{70932185-74B5-42E1-9265-9E795314F14F}.Debug|Any CPU.Build.0 = Debug|Any CPU
		{70932185-74B5-42E1-9265-9E795314F14F}.Release|Any CPU.ActiveCfg = Release|Any CPU
		{70932185-74B5-42E1-9265-9E795314F14F}.Release|Any CPU.Build.0 = Release|Any CPU
		{48973819-38DB-456A-89C6-151D7F5DFED2}.Debug|Any CPU.ActiveCfg = Debug|Any CPU
		{48973819-38DB-456A-89C6-151D7F5DFED2}.Debug|Any CPU.Build.0 = Debug|Any CPU
		{48973819-38DB-456A-89C6-151D7F5DFED2}.Release|Any CPU.ActiveCfg = Release|Any CPU
		{48973819-38DB-456A-89C6-151D7F5DFED2}.Release|Any CPU.Build.0 = Release|Any CPU
		{15CF75A6-9402-4459-AF62-5825CA76DD21}.Debug|Any CPU.ActiveCfg = Debug|Any CPU
		{15CF75A6-9402-4459-AF62-5825CA76DD21}.Debug|Any CPU.Build.0 = Debug|Any CPU
		{15CF75A6-9402-4459-AF62-5825CA76DD21}.Release|Any CPU.ActiveCfg = Release|Any CPU
		{15CF75A6-9402-4459-AF62-5825CA76DD21}.Release|Any CPU.Build.0 = Release|Any CPU
	EndGlobalSection
	GlobalSection(SolutionProperties) = preSolution
		HideSolutionNode = FALSE
	EndGlobalSection
	GlobalSection(ExtensibilityGlobals) = postSolution
		SolutionGuid = {9E5E12BB-B916-4E34-91D7-FB6D6456A53E}
	EndGlobalSection
EndGlobal
