
Microsoft Visual Studio Solution File, Format Version 12.00
# Visual Studio 15
VisualStudioVersion = 15.0.28307.489
MinimumVisualStudioVersion = 10.0.40219.1
Project("{FAE04EC0-301F-11D3-BF4B-00C04F79EFBC}") = "01. Concert", "01. Concert\01. Concert.csproj", "{6C1E71AA-5F07-4CCE-97A8-13827E192E8C}"
EndProject
Project("{FAE04EC0-301F-11D3-BF4B-00C04F79EFBC}") = "02. Song Encryption", "02. Song Encryption\02. Song Encryption.csproj", "{32F19936-3FCE-473C-AA1C-1CA2F2070831}"
EndProject
Global
	GlobalSection(SolutionConfigurationPlatforms) = preSolution
		Debug|Any CPU = Debug|Any CPU
		Release|Any CPU = Release|Any CPU
	EndGlobalSection
	GlobalSection(ProjectConfigurationPlatforms) = postSolution
		{6C1E71AA-5F07-4CCE-97A8-13827E192E8C}.Debug|Any CPU.ActiveCfg = Debug|Any CPU
		{6C1E71AA-5F07-4CCE-97A8-13827E192E8C}.Debug|Any CPU.Build.0 = Debug|Any CPU
		{6C1E71AA-5F07-4CCE-97A8-13827E192E8C}.Release|Any CPU.ActiveCfg = Release|Any CPU
		{6C1E71AA-5F07-4CCE-97A8-13827E192E8C}.Release|Any CPU.Build.0 = Release|Any CPU
		{32F19936-3FCE-473C-AA1C-1CA2F2070831}.Debug|Any CPU.ActiveCfg = Debug|Any CPU
		{32F19936-3FCE-473C-AA1C-1CA2F2070831}.Debug|Any CPU.Build.0 = Debug|Any CPU
		{32F19936-3FCE-473C-AA1C-1CA2F2070831}.Release|Any CPU.ActiveCfg = Release|Any CPU
		{32F19936-3FCE-473C-AA1C-1CA2F2070831}.Release|Any CPU.Build.0 = Release|Any CPU
	EndGlobalSection
	GlobalSection(SolutionProperties) = preSolution
		HideSolutionNode = FALSE
	EndGlobalSection
	GlobalSection(ExtensibilityGlobals) = postSolution
		SolutionGuid = {E852B432-D40C-440A-9227-A0763A9886A6}
	EndGlobalSection
EndGlobal
