
Microsoft Visual Studio Solution File, Format Version 12.00
# Visual Studio 15
VisualStudioVersion = 15.0.28307.645
MinimumVisualStudioVersion = 10.0.40219.1
Project("{9A19103F-16F7-4668-BE54-9A1E7A4F7556}") = "01. Sort Numbers", "01. Sort Numbers\01. Sort Numbers.csproj", "{B72CCB02-F68A-49E1-BDCA-B5364CA1930A}"
EndProject
Project("{9A19103F-16F7-4668-BE54-9A1E7A4F7556}") = "02. Last Digit as Words", "02. Last Digit as Words\02. Last Digit as Words.csproj", "{D9D83F13-8A54-496F-A2AF-7C8F1875A9FE}"
EndProject
Project("{FAE04EC0-301F-11D3-BF4B-00C04F79EFBC}") = "03. Gaming Store", "03. Gaming Store\03. Gaming Store.csproj", "{F62EC20A-23B8-4BB6-A028-15E322BF8479}"
EndProject
Project("{FAE04EC0-301F-11D3-BF4B-00C04F79EFBC}") = "04. Reverse String", "04. Reverse String\04. Reverse String.csproj", "{21DDFBC8-DDEC-4FD9-8646-498A1CEBF27A}"
EndProject
Project("{FAE04EC0-301F-11D3-BF4B-00C04F79EFBC}") = "05. Messages", "05. Messages\05. Messages.csproj", "{2AB4B39B-5077-4113-98A0-DD35EA17CA5A}"
EndProject
Global
	GlobalSection(SolutionConfigurationPlatforms) = preSolution
		Debug|Any CPU = Debug|Any CPU
		Release|Any CPU = Release|Any CPU
	EndGlobalSection
	GlobalSection(ProjectConfigurationPlatforms) = postSolution
		{B72CCB02-F68A-49E1-BDCA-B5364CA1930A}.Debug|Any CPU.ActiveCfg = Debug|Any CPU
		{B72CCB02-F68A-49E1-BDCA-B5364CA1930A}.Debug|Any CPU.Build.0 = Debug|Any CPU
		{B72CCB02-F68A-49E1-BDCA-B5364CA1930A}.Release|Any CPU.ActiveCfg = Release|Any CPU
		{B72CCB02-F68A-49E1-BDCA-B5364CA1930A}.Release|Any CPU.Build.0 = Release|Any CPU
		{D9D83F13-8A54-496F-A2AF-7C8F1875A9FE}.Debug|Any CPU.ActiveCfg = Debug|Any CPU
		{D9D83F13-8A54-496F-A2AF-7C8F1875A9FE}.Debug|Any CPU.Build.0 = Debug|Any CPU
		{D9D83F13-8A54-496F-A2AF-7C8F1875A9FE}.Release|Any CPU.ActiveCfg = Release|Any CPU
		{D9D83F13-8A54-496F-A2AF-7C8F1875A9FE}.Release|Any CPU.Build.0 = Release|Any CPU
		{F62EC20A-23B8-4BB6-A028-15E322BF8479}.Debug|Any CPU.ActiveCfg = Debug|Any CPU
		{F62EC20A-23B8-4BB6-A028-15E322BF8479}.Debug|Any CPU.Build.0 = Debug|Any CPU
		{F62EC20A-23B8-4BB6-A028-15E322BF8479}.Release|Any CPU.ActiveCfg = Release|Any CPU
		{F62EC20A-23B8-4BB6-A028-15E322BF8479}.Release|Any CPU.Build.0 = Release|Any CPU
		{21DDFBC8-DDEC-4FD9-8646-498A1CEBF27A}.Debug|Any CPU.ActiveCfg = Debug|Any CPU
		{21DDFBC8-DDEC-4FD9-8646-498A1CEBF27A}.Debug|Any CPU.Build.0 = Debug|Any CPU
		{21DDFBC8-DDEC-4FD9-8646-498A1CEBF27A}.Release|Any CPU.ActiveCfg = Release|Any CPU
		{21DDFBC8-DDEC-4FD9-8646-498A1CEBF27A}.Release|Any CPU.Build.0 = Release|Any CPU
		{2AB4B39B-5077-4113-98A0-DD35EA17CA5A}.Debug|Any CPU.ActiveCfg = Debug|Any CPU
		{2AB4B39B-5077-4113-98A0-DD35EA17CA5A}.Debug|Any CPU.Build.0 = Debug|Any CPU
		{2AB4B39B-5077-4113-98A0-DD35EA17CA5A}.Release|Any CPU.ActiveCfg = Release|Any CPU
		{2AB4B39B-5077-4113-98A0-DD35EA17CA5A}.Release|Any CPU.Build.0 = Release|Any CPU
	EndGlobalSection
	GlobalSection(SolutionProperties) = preSolution
		HideSolutionNode = FALSE
	EndGlobalSection
	GlobalSection(ExtensibilityGlobals) = postSolution
		SolutionGuid = {64127321-6F01-45D3-9797-AC0C2A244323}
	EndGlobalSection
EndGlobal
