
Microsoft Visual Studio Solution File, Format Version 12.00
# Visual Studio 15
VisualStudioVersion = 15.0.28307.489
MinimumVisualStudioVersion = 10.0.40219.1
Project("{FAE04EC0-301F-11D3-BF4B-00C04F79EFBC}") = "01. Christmas Spirit", "01. Christmas Spirit\01. Christmas Spirit.csproj", "{1289F273-5C0D-4E75-A94E-38993B38E342}"
EndProject
Project("{FAE04EC0-301F-11D3-BF4B-00C04F79EFBC}") = "02. Santa's List", "02. Santa's List\02. Santa's List.csproj", "{B5137105-AB7C-4240-A50E-8DBFD2E12460}"
EndProject
Project("{FAE04EC0-301F-11D3-BF4B-00C04F79EFBC}") = "03. Present Delivery", "03. Present Delivery\03. Present Delivery.csproj", "{39A781FE-59B5-44B9-A1B8-2FDE60D04599}"
EndProject
Global
	GlobalSection(SolutionConfigurationPlatforms) = preSolution
		Debug|Any CPU = Debug|Any CPU
		Release|Any CPU = Release|Any CPU
	EndGlobalSection
	GlobalSection(ProjectConfigurationPlatforms) = postSolution
		{1289F273-5C0D-4E75-A94E-38993B38E342}.Debug|Any CPU.ActiveCfg = Debug|Any CPU
		{1289F273-5C0D-4E75-A94E-38993B38E342}.Debug|Any CPU.Build.0 = Debug|Any CPU
		{1289F273-5C0D-4E75-A94E-38993B38E342}.Release|Any CPU.ActiveCfg = Release|Any CPU
		{1289F273-5C0D-4E75-A94E-38993B38E342}.Release|Any CPU.Build.0 = Release|Any CPU
		{B5137105-AB7C-4240-A50E-8DBFD2E12460}.Debug|Any CPU.ActiveCfg = Debug|Any CPU
		{B5137105-AB7C-4240-A50E-8DBFD2E12460}.Debug|Any CPU.Build.0 = Debug|Any CPU
		{B5137105-AB7C-4240-A50E-8DBFD2E12460}.Release|Any CPU.ActiveCfg = Release|Any CPU
		{B5137105-AB7C-4240-A50E-8DBFD2E12460}.Release|Any CPU.Build.0 = Release|Any CPU
		{39A781FE-59B5-44B9-A1B8-2FDE60D04599}.Debug|Any CPU.ActiveCfg = Debug|Any CPU
		{39A781FE-59B5-44B9-A1B8-2FDE60D04599}.Debug|Any CPU.Build.0 = Debug|Any CPU
		{39A781FE-59B5-44B9-A1B8-2FDE60D04599}.Release|Any CPU.ActiveCfg = Release|Any CPU
		{39A781FE-59B5-44B9-A1B8-2FDE60D04599}.Release|Any CPU.Build.0 = Release|Any CPU
	EndGlobalSection
	GlobalSection(SolutionProperties) = preSolution
		HideSolutionNode = FALSE
	EndGlobalSection
	GlobalSection(ExtensibilityGlobals) = postSolution
		SolutionGuid = {D2CF513C-436B-4E02-9C3C-1A6BE7A99E00}
	EndGlobalSection
EndGlobal
