
Microsoft Visual Studio Solution File, Format Version 12.00
# Visual Studio 15
VisualStudioVersion = 15.0.28307.645
MinimumVisualStudioVersion = 10.0.40219.1
Project("{FAE04EC0-301F-11D3-BF4B-00C04F79EFBC}") = "1. Winning Ticket", "1. Winning Ticket\1. Winning Ticket.csproj", "{D2D78112-29EF-4111-A9D6-78A7A4D40B59}"
EndProject
Project("{FAE04EC0-301F-11D3-BF4B-00C04F79EFBC}") = "2. Rage Quit", "2. Rage Quit\2. Rage Quit.csproj", "{4553D1AD-FD27-4ECC-84B0-CC42F1FBEE23}"
EndProject
Project("{FAE04EC0-301F-11D3-BF4B-00C04F79EFBC}") = "3. Post Office", "3. Post Office\3. Post Office.csproj", "{BC303646-913F-4B2D-BB87-5BE0CFEAE55D}"
EndProject
Project("{FAE04EC0-301F-11D3-BF4B-00C04F79EFBC}") = "4. Santa's Secret Helper", "4. Santa's Secret Helper\4. Santa's Secret Helper.csproj", "{9BD550FA-F52E-48B4-9BEF-1583C99CBA08}"
EndProject
Global
	GlobalSection(SolutionConfigurationPlatforms) = preSolution
		Debug|Any CPU = Debug|Any CPU
		Release|Any CPU = Release|Any CPU
	EndGlobalSection
	GlobalSection(ProjectConfigurationPlatforms) = postSolution
		{D2D78112-29EF-4111-A9D6-78A7A4D40B59}.Debug|Any CPU.ActiveCfg = Debug|Any CPU
		{D2D78112-29EF-4111-A9D6-78A7A4D40B59}.Debug|Any CPU.Build.0 = Debug|Any CPU
		{D2D78112-29EF-4111-A9D6-78A7A4D40B59}.Release|Any CPU.ActiveCfg = Release|Any CPU
		{D2D78112-29EF-4111-A9D6-78A7A4D40B59}.Release|Any CPU.Build.0 = Release|Any CPU
		{4553D1AD-FD27-4ECC-84B0-CC42F1FBEE23}.Debug|Any CPU.ActiveCfg = Debug|Any CPU
		{4553D1AD-FD27-4ECC-84B0-CC42F1FBEE23}.Debug|Any CPU.Build.0 = Debug|Any CPU
		{4553D1AD-FD27-4ECC-84B0-CC42F1FBEE23}.Release|Any CPU.ActiveCfg = Release|Any CPU
		{4553D1AD-FD27-4ECC-84B0-CC42F1FBEE23}.Release|Any CPU.Build.0 = Release|Any CPU
		{BC303646-913F-4B2D-BB87-5BE0CFEAE55D}.Debug|Any CPU.ActiveCfg = Debug|Any CPU
		{BC303646-913F-4B2D-BB87-5BE0CFEAE55D}.Debug|Any CPU.Build.0 = Debug|Any CPU
		{BC303646-913F-4B2D-BB87-5BE0CFEAE55D}.Release|Any CPU.ActiveCfg = Release|Any CPU
		{BC303646-913F-4B2D-BB87-5BE0CFEAE55D}.Release|Any CPU.Build.0 = Release|Any CPU
		{9BD550FA-F52E-48B4-9BEF-1583C99CBA08}.Debug|Any CPU.ActiveCfg = Debug|Any CPU
		{9BD550FA-F52E-48B4-9BEF-1583C99CBA08}.Debug|Any CPU.Build.0 = Debug|Any CPU
		{9BD550FA-F52E-48B4-9BEF-1583C99CBA08}.Release|Any CPU.ActiveCfg = Release|Any CPU
		{9BD550FA-F52E-48B4-9BEF-1583C99CBA08}.Release|Any CPU.Build.0 = Release|Any CPU
	EndGlobalSection
	GlobalSection(SolutionProperties) = preSolution
		HideSolutionNode = FALSE
	EndGlobalSection
	GlobalSection(ExtensibilityGlobals) = postSolution
		SolutionGuid = {1CC4B43C-DAC6-4459-847A-246175C0D612}
	EndGlobalSection
EndGlobal
