
Microsoft Visual Studio Solution File, Format Version 12.00
# Visual Studio 15
VisualStudioVersion = 15.0.28307.489
MinimumVisualStudioVersion = 10.0.40219.1
Project("{FAE04EC0-301F-11D3-BF4B-00C04F79EFBC}") = "01. Stadium Income", "01. Stadium Income\01. Stadium Income.csproj", "{D44386C7-939C-4C54-AF6F-C36B2512A0CB}"
EndProject
Project("{FAE04EC0-301F-11D3-BF4B-00C04F79EFBC}") = "01. Trip To World Cup", "01. Trip To World Cup\01. Trip To World Cup.csproj", "{4F0B0B96-9345-400A-8EE9-F8AC39546E08}"
EndProject
Project("{FAE04EC0-301F-11D3-BF4B-00C04F79EFBC}") = "02. Beer And Chips", "02. Beer And Chips\02. Beer And Chips.csproj", "{3FD56A0E-9435-4294-B221-815EFB31E31F}"
EndProject
Project("{FAE04EC0-301F-11D3-BF4B-00C04F79EFBC}") = "02. Football Kit", "02. Football Kit\02. Football Kit.csproj", "{B8DC745A-FF4B-409D-B226-9CBFE4F205CA}"
EndProject
Project("{FAE04EC0-301F-11D3-BF4B-00C04F79EFBC}") = "03. Game Statistics", "03. Game Statistics\03. Game Statistics.csproj", "{590CEB9F-208A-4CEA-B4B1-9A4DAC9E3392}"
EndProject
Project("{FAE04EC0-301F-11D3-BF4B-00C04F79EFBC}") = "03. Football Souvenirs", "03. Football Souvenirs\03. Football Souvenirs.csproj", "{5F65C063-F821-431F-9A95-0C3DD462B107}"
EndProject
Project("{FAE04EC0-301F-11D3-BF4B-00C04F79EFBC}") = "04. Best Player", "04. Best Player\04. Best Player.csproj", "{132F6F83-0B83-4284-AE9B-68451365C7F3}"
EndProject
Project("{FAE04EC0-301F-11D3-BF4B-00C04F79EFBC}") = "04. Group Stage", "04. Group Stage\04. Group Stage.csproj", "{429C951B-4649-4304-B19E-7713592FF83A}"
EndProject
Project("{FAE04EC0-301F-11D3-BF4B-00C04F79EFBC}") = "05. Fan Shop", "05. Fan Shop\05. Fan Shop.csproj", "{A682312A-8493-4DF7-9AA7-E8D33E7BDAA5}"
EndProject
Project("{FAE04EC0-301F-11D3-BF4B-00C04F79EFBC}") = "05. Game Info", "05. Game Info\05. Game Info.csproj", "{7118B3DD-3E66-400E-9697-9568D143DDA7}"
EndProject
Project("{FAE04EC0-301F-11D3-BF4B-00C04F79EFBC}") = "06. Substitute", "06. Substitute\06. Substitute.csproj", "{5B749D6C-30D3-4F54-8F0A-767E6326A3A6}"
EndProject
Project("{FAE04EC0-301F-11D3-BF4B-00C04F79EFBC}") = "06. Ticket Combination", "06. Ticket Combination\06. Ticket Combination.csproj", "{50A6AE04-6457-4262-B06A-A83056F94A49}"
EndProject
Global
	GlobalSection(SolutionConfigurationPlatforms) = preSolution
		Debug|Any CPU = Debug|Any CPU
		Release|Any CPU = Release|Any CPU
	EndGlobalSection
	GlobalSection(ProjectConfigurationPlatforms) = postSolution
		{D44386C7-939C-4C54-AF6F-C36B2512A0CB}.Debug|Any CPU.ActiveCfg = Debug|Any CPU
		{D44386C7-939C-4C54-AF6F-C36B2512A0CB}.Debug|Any CPU.Build.0 = Debug|Any CPU
		{D44386C7-939C-4C54-AF6F-C36B2512A0CB}.Release|Any CPU.ActiveCfg = Release|Any CPU
		{D44386C7-939C-4C54-AF6F-C36B2512A0CB}.Release|Any CPU.Build.0 = Release|Any CPU
		{4F0B0B96-9345-400A-8EE9-F8AC39546E08}.Debug|Any CPU.ActiveCfg = Debug|Any CPU
		{4F0B0B96-9345-400A-8EE9-F8AC39546E08}.Debug|Any CPU.Build.0 = Debug|Any CPU
		{4F0B0B96-9345-400A-8EE9-F8AC39546E08}.Release|Any CPU.ActiveCfg = Release|Any CPU
		{4F0B0B96-9345-400A-8EE9-F8AC39546E08}.Release|Any CPU.Build.0 = Release|Any CPU
		{3FD56A0E-9435-4294-B221-815EFB31E31F}.Debug|Any CPU.ActiveCfg = Debug|Any CPU
		{3FD56A0E-9435-4294-B221-815EFB31E31F}.Debug|Any CPU.Build.0 = Debug|Any CPU
		{3FD56A0E-9435-4294-B221-815EFB31E31F}.Release|Any CPU.ActiveCfg = Release|Any CPU
		{3FD56A0E-9435-4294-B221-815EFB31E31F}.Release|Any CPU.Build.0 = Release|Any CPU
		{B8DC745A-FF4B-409D-B226-9CBFE4F205CA}.Debug|Any CPU.ActiveCfg = Debug|Any CPU
		{B8DC745A-FF4B-409D-B226-9CBFE4F205CA}.Debug|Any CPU.Build.0 = Debug|Any CPU
		{B8DC745A-FF4B-409D-B226-9CBFE4F205CA}.Release|Any CPU.ActiveCfg = Release|Any CPU
		{B8DC745A-FF4B-409D-B226-9CBFE4F205CA}.Release|Any CPU.Build.0 = Release|Any CPU
		{590CEB9F-208A-4CEA-B4B1-9A4DAC9E3392}.Debug|Any CPU.ActiveCfg = Debug|Any CPU
		{590CEB9F-208A-4CEA-B4B1-9A4DAC9E3392}.Debug|Any CPU.Build.0 = Debug|Any CPU
		{590CEB9F-208A-4CEA-B4B1-9A4DAC9E3392}.Release|Any CPU.ActiveCfg = Release|Any CPU
		{590CEB9F-208A-4CEA-B4B1-9A4DAC9E3392}.Release|Any CPU.Build.0 = Release|Any CPU
		{5F65C063-F821-431F-9A95-0C3DD462B107}.Debug|Any CPU.ActiveCfg = Debug|Any CPU
		{5F65C063-F821-431F-9A95-0C3DD462B107}.Debug|Any CPU.Build.0 = Debug|Any CPU
		{5F65C063-F821-431F-9A95-0C3DD462B107}.Release|Any CPU.ActiveCfg = Release|Any CPU
		{5F65C063-F821-431F-9A95-0C3DD462B107}.Release|Any CPU.Build.0 = Release|Any CPU
		{132F6F83-0B83-4284-AE9B-68451365C7F3}.Debug|Any CPU.ActiveCfg = Debug|Any CPU
		{132F6F83-0B83-4284-AE9B-68451365C7F3}.Debug|Any CPU.Build.0 = Debug|Any CPU
		{132F6F83-0B83-4284-AE9B-68451365C7F3}.Release|Any CPU.ActiveCfg = Release|Any CPU
		{132F6F83-0B83-4284-AE9B-68451365C7F3}.Release|Any CPU.Build.0 = Release|Any CPU
		{429C951B-4649-4304-B19E-7713592FF83A}.Debug|Any CPU.ActiveCfg = Debug|Any CPU
		{429C951B-4649-4304-B19E-7713592FF83A}.Debug|Any CPU.Build.0 = Debug|Any CPU
		{429C951B-4649-4304-B19E-7713592FF83A}.Release|Any CPU.ActiveCfg = Release|Any CPU
		{429C951B-4649-4304-B19E-7713592FF83A}.Release|Any CPU.Build.0 = Release|Any CPU
		{A682312A-8493-4DF7-9AA7-E8D33E7BDAA5}.Debug|Any CPU.ActiveCfg = Debug|Any CPU
		{A682312A-8493-4DF7-9AA7-E8D33E7BDAA5}.Debug|Any CPU.Build.0 = Debug|Any CPU
		{A682312A-8493-4DF7-9AA7-E8D33E7BDAA5}.Release|Any CPU.ActiveCfg = Release|Any CPU
		{A682312A-8493-4DF7-9AA7-E8D33E7BDAA5}.Release|Any CPU.Build.0 = Release|Any CPU
		{7118B3DD-3E66-400E-9697-9568D143DDA7}.Debug|Any CPU.ActiveCfg = Debug|Any CPU
		{7118B3DD-3E66-400E-9697-9568D143DDA7}.Debug|Any CPU.Build.0 = Debug|Any CPU
		{7118B3DD-3E66-400E-9697-9568D143DDA7}.Release|Any CPU.ActiveCfg = Release|Any CPU
		{7118B3DD-3E66-400E-9697-9568D143DDA7}.Release|Any CPU.Build.0 = Release|Any CPU
		{5B749D6C-30D3-4F54-8F0A-767E6326A3A6}.Debug|Any CPU.ActiveCfg = Debug|Any CPU
		{5B749D6C-30D3-4F54-8F0A-767E6326A3A6}.Debug|Any CPU.Build.0 = Debug|Any CPU
		{5B749D6C-30D3-4F54-8F0A-767E6326A3A6}.Release|Any CPU.ActiveCfg = Release|Any CPU
		{5B749D6C-30D3-4F54-8F0A-767E6326A3A6}.Release|Any CPU.Build.0 = Release|Any CPU
		{50A6AE04-6457-4262-B06A-A83056F94A49}.Debug|Any CPU.ActiveCfg = Debug|Any CPU
		{50A6AE04-6457-4262-B06A-A83056F94A49}.Debug|Any CPU.Build.0 = Debug|Any CPU
		{50A6AE04-6457-4262-B06A-A83056F94A49}.Release|Any CPU.ActiveCfg = Release|Any CPU
		{50A6AE04-6457-4262-B06A-A83056F94A49}.Release|Any CPU.Build.0 = Release|Any CPU
	EndGlobalSection
	GlobalSection(SolutionProperties) = preSolution
		HideSolutionNode = FALSE
	EndGlobalSection
	GlobalSection(ExtensibilityGlobals) = postSolution
		SolutionGuid = {037E580E-2A92-4109-905B-47C54837A1A3}
	EndGlobalSection
EndGlobal
