
Microsoft Visual Studio Solution File, Format Version 12.00
# Visual Studio 15
VisualStudioVersion = 15.0.28307.329
MinimumVisualStudioVersion = 10.0.40219.1
Project("{9A19103F-16F7-4668-BE54-9A1E7A4F7556}") = "02. Vowels Count", "02. Vowels Count\02. Vowels Count.csproj", "{A07F9963-2A45-43CA-BB38-AF63014C97B2}"
EndProject
Project("{9A19103F-16F7-4668-BE54-9A1E7A4F7556}") = "03. Characters in Range", "03. Characters in Range\03. Characters in Range.csproj", "{20C9BDD1-046D-49C5-BB7F-59D0001B4E4A}"
EndProject
Project("{9A19103F-16F7-4668-BE54-9A1E7A4F7556}") = "04. Password Validator", "04. Password Validator\04. Password Validator.csproj", "{75790610-1B3E-421D-BC29-97D8FA3A237D}"
EndProject
Project("{9A19103F-16F7-4668-BE54-9A1E7A4F7556}") = "05. Add and Subtract", "05. Add and Subtract\05. Add and Subtract.csproj", "{5E429100-34A5-4A4F-BFC1-0ADCF431ED48}"
EndProject
Project("{9A19103F-16F7-4668-BE54-9A1E7A4F7556}") = "06. Middle Characters", "06. Middle Characters\06. Middle Characters.csproj", "{9E079C82-0489-402E-B1A2-C8E062489B8A}"
EndProject
Project("{9A19103F-16F7-4668-BE54-9A1E7A4F7556}") = "07. NxN Matrix", "07. NxN Matrix\07. NxN Matrix.csproj", "{339F3570-6EE2-4C36-9E27-0D0DCBA60A16}"
EndProject
Project("{9A19103F-16F7-4668-BE54-9A1E7A4F7556}") = "08. Factorial Division", "08. Factorial Division\08. Factorial Division.csproj", "{F0159A23-FF69-4BFF-893D-2E0A39EB3240}"
EndProject
Project("{9A19103F-16F7-4668-BE54-9A1E7A4F7556}") = "09. Palindrome Integers", "09. Palindrome Integers\09. Palindrome Integers.csproj", "{FC047EE3-A7DB-474F-8968-1BCF2D57EDA5}"
EndProject
Project("{9A19103F-16F7-4668-BE54-9A1E7A4F7556}") = "10. Top Number", "10. Top Number\10. Top Number.csproj", "{C8E43569-B0CA-412C-98A0-E2583D7160CC}"
EndProject
Project("{9A19103F-16F7-4668-BE54-9A1E7A4F7556}") = "11. Array Manipulator", "11. Array Manipulator\11. Array Manipulator.csproj", "{763B707F-E0EB-49C9-BBB4-0D7726603729}"
EndProject
Project("{FAE04EC0-301F-11D3-BF4B-00C04F79EFBC}") = "01. Smallest of Three Numbers", "01. Smallest of Three Numbers\01. Smallest of Three Numbers.csproj", "{A31DA115-FDD3-49EB-8D6A-68B638C3560F}"
EndProject
Global
	GlobalSection(SolutionConfigurationPlatforms) = preSolution
		Debug|Any CPU = Debug|Any CPU
		Release|Any CPU = Release|Any CPU
	EndGlobalSection
	GlobalSection(ProjectConfigurationPlatforms) = postSolution
		{A07F9963-2A45-43CA-BB38-AF63014C97B2}.Debug|Any CPU.ActiveCfg = Debug|Any CPU
		{A07F9963-2A45-43CA-BB38-AF63014C97B2}.Debug|Any CPU.Build.0 = Debug|Any CPU
		{A07F9963-2A45-43CA-BB38-AF63014C97B2}.Release|Any CPU.ActiveCfg = Release|Any CPU
		{A07F9963-2A45-43CA-BB38-AF63014C97B2}.Release|Any CPU.Build.0 = Release|Any CPU
		{20C9BDD1-046D-49C5-BB7F-59D0001B4E4A}.Debug|Any CPU.ActiveCfg = Debug|Any CPU
		{20C9BDD1-046D-49C5-BB7F-59D0001B4E4A}.Debug|Any CPU.Build.0 = Debug|Any CPU
		{20C9BDD1-046D-49C5-BB7F-59D0001B4E4A}.Release|Any CPU.ActiveCfg = Release|Any CPU
		{20C9BDD1-046D-49C5-BB7F-59D0001B4E4A}.Release|Any CPU.Build.0 = Release|Any CPU
		{75790610-1B3E-421D-BC29-97D8FA3A237D}.Debug|Any CPU.ActiveCfg = Debug|Any CPU
		{75790610-1B3E-421D-BC29-97D8FA3A237D}.Debug|Any CPU.Build.0 = Debug|Any CPU
		{75790610-1B3E-421D-BC29-97D8FA3A237D}.Release|Any CPU.ActiveCfg = Release|Any CPU
		{75790610-1B3E-421D-BC29-97D8FA3A237D}.Release|Any CPU.Build.0 = Release|Any CPU
		{5E429100-34A5-4A4F-BFC1-0ADCF431ED48}.Debug|Any CPU.ActiveCfg = Debug|Any CPU
		{5E429100-34A5-4A4F-BFC1-0ADCF431ED48}.Debug|Any CPU.Build.0 = Debug|Any CPU
		{5E429100-34A5-4A4F-BFC1-0ADCF431ED48}.Release|Any CPU.ActiveCfg = Release|Any CPU
		{5E429100-34A5-4A4F-BFC1-0ADCF431ED48}.Release|Any CPU.Build.0 = Release|Any CPU
		{9E079C82-0489-402E-B1A2-C8E062489B8A}.Debug|Any CPU.ActiveCfg = Debug|Any CPU
		{9E079C82-0489-402E-B1A2-C8E062489B8A}.Debug|Any CPU.Build.0 = Debug|Any CPU
		{9E079C82-0489-402E-B1A2-C8E062489B8A}.Release|Any CPU.ActiveCfg = Release|Any CPU
		{9E079C82-0489-402E-B1A2-C8E062489B8A}.Release|Any CPU.Build.0 = Release|Any CPU
		{339F3570-6EE2-4C36-9E27-0D0DCBA60A16}.Debug|Any CPU.ActiveCfg = Debug|Any CPU
		{339F3570-6EE2-4C36-9E27-0D0DCBA60A16}.Debug|Any CPU.Build.0 = Debug|Any CPU
		{339F3570-6EE2-4C36-9E27-0D0DCBA60A16}.Release|Any CPU.ActiveCfg = Release|Any CPU
		{339F3570-6EE2-4C36-9E27-0D0DCBA60A16}.Release|Any CPU.Build.0 = Release|Any CPU
		{F0159A23-FF69-4BFF-893D-2E0A39EB3240}.Debug|Any CPU.ActiveCfg = Debug|Any CPU
		{F0159A23-FF69-4BFF-893D-2E0A39EB3240}.Debug|Any CPU.Build.0 = Debug|Any CPU
		{F0159A23-FF69-4BFF-893D-2E0A39EB3240}.Release|Any CPU.ActiveCfg = Release|Any CPU
		{F0159A23-FF69-4BFF-893D-2E0A39EB3240}.Release|Any CPU.Build.0 = Release|Any CPU
		{FC047EE3-A7DB-474F-8968-1BCF2D57EDA5}.Debug|Any CPU.ActiveCfg = Debug|Any CPU
		{FC047EE3-A7DB-474F-8968-1BCF2D57EDA5}.Debug|Any CPU.Build.0 = Debug|Any CPU
		{FC047EE3-A7DB-474F-8968-1BCF2D57EDA5}.Release|Any CPU.ActiveCfg = Release|Any CPU
		{FC047EE3-A7DB-474F-8968-1BCF2D57EDA5}.Release|Any CPU.Build.0 = Release|Any CPU
		{C8E43569-B0CA-412C-98A0-E2583D7160CC}.Debug|Any CPU.ActiveCfg = Debug|Any CPU
		{C8E43569-B0CA-412C-98A0-E2583D7160CC}.Debug|Any CPU.Build.0 = Debug|Any CPU
		{C8E43569-B0CA-412C-98A0-E2583D7160CC}.Release|Any CPU.ActiveCfg = Release|Any CPU
		{C8E43569-B0CA-412C-98A0-E2583D7160CC}.Release|Any CPU.Build.0 = Release|Any CPU
		{763B707F-E0EB-49C9-BBB4-0D7726603729}.Debug|Any CPU.ActiveCfg = Debug|Any CPU
		{763B707F-E0EB-49C9-BBB4-0D7726603729}.Debug|Any CPU.Build.0 = Debug|Any CPU
		{763B707F-E0EB-49C9-BBB4-0D7726603729}.Release|Any CPU.ActiveCfg = Release|Any CPU
		{763B707F-E0EB-49C9-BBB4-0D7726603729}.Release|Any CPU.Build.0 = Release|Any CPU
		{A31DA115-FDD3-49EB-8D6A-68B638C3560F}.Debug|Any CPU.ActiveCfg = Debug|Any CPU
		{A31DA115-FDD3-49EB-8D6A-68B638C3560F}.Debug|Any CPU.Build.0 = Debug|Any CPU
		{A31DA115-FDD3-49EB-8D6A-68B638C3560F}.Release|Any CPU.ActiveCfg = Release|Any CPU
		{A31DA115-FDD3-49EB-8D6A-68B638C3560F}.Release|Any CPU.Build.0 = Release|Any CPU
	EndGlobalSection
	GlobalSection(SolutionProperties) = preSolution
		HideSolutionNode = FALSE
	EndGlobalSection
	GlobalSection(ExtensibilityGlobals) = postSolution
		SolutionGuid = {CB4E1E4B-7CC5-488E-A4F1-406E9EA84A32}
	EndGlobalSection
EndGlobal
